
Microsoft Visual Studio Solution File, Format Version 12.00
# Visual Studio Version 17
VisualStudioVersion = 17.14.36105.17
MinimumVisualStudioVersion = 10.0.40219.1
Project("{FAE04EC0-301F-11D3-BF4B-00C04F79EFBC}") = "RoutingWithMVC", "RoutingWithMVC\RoutingWithMVC.csproj", "{255454B7-79E4-4379-A3B2-A0CCDBD6319A}"
EndProject
Global
	GlobalSection(SolutionConfigurationPlatforms) = preSolution
		Debug|Any CPU = Debug|Any CPU
		Release|Any CPU = Release|Any CPU
	EndGlobalSection
	GlobalSection(ProjectConfigurationPlatforms) = postSolution
		{255454B7-79E4-4379-A3B2-A0CCDBD6319A}.Debug|Any CPU.ActiveCfg = Debug|Any CPU
		{255454B7-79E4-4379-A3B2-A0CCDBD6319A}.Debug|Any CPU.Build.0 = Debug|Any CPU
		{255454B7-79E4-4379-A3B2-A0CCDBD6319A}.Release|Any CPU.ActiveCfg = Release|Any CPU
		{255454B7-79E4-4379-A3B2-A0CCDBD6319A}.Release|Any CPU.Build.0 = Release|Any CPU
	EndGlobalSection
	GlobalSection(SolutionProperties) = preSolution
		HideSolutionNode = FALSE
	EndGlobalSection
	GlobalSection(ExtensibilityGlobals) = postSolution
		SolutionGuid = {A0CBFB6E-55C6-47F0-A5B8-00785C7D426B}
	EndGlobalSection
EndGlobal
