
Microsoft Visual Studio Solution File, Format Version 12.00
# Visual Studio Version 17
VisualStudioVersion = 17.14.36105.17
MinimumVisualStudioVersion = 10.0.40219.1
Project("{FAE04EC0-301F-11D3-BF4B-00C04F79EFBC}") = "ControllersAndActions", "ControllersAndActions\ControllersAndActions.csproj", "{7D63EE05-20FE-42B9-82BE-D94AFE8A1694}"
EndProject
Global
	GlobalSection(SolutionConfigurationPlatforms) = preSolution
		Debug|Any CPU = Debug|Any CPU
		Release|Any CPU = Release|Any CPU
	EndGlobalSection
	GlobalSection(ProjectConfigurationPlatforms) = postSolution
		{7D63EE05-20FE-42B9-82BE-D94AFE8A1694}.Debug|Any CPU.ActiveCfg = Debug|Any CPU
		{7D63EE05-20FE-42B9-82BE-D94AFE8A1694}.Debug|Any CPU.Build.0 = Debug|Any CPU
		{7D63EE05-20FE-42B9-82BE-D94AFE8A1694}.Release|Any CPU.ActiveCfg = Release|Any CPU
		{7D63EE05-20FE-42B9-82BE-D94AFE8A1694}.Release|Any CPU.Build.0 = Release|Any CPU
	EndGlobalSection
	GlobalSection(SolutionProperties) = preSolution
		HideSolutionNode = FALSE
	EndGlobalSection
	GlobalSection(ExtensibilityGlobals) = postSolution
		SolutionGuid = {2E10A0AA-85F3-45DB-8E71-9A8D46AD753D}
	EndGlobalSection
EndGlobal
