
Microsoft Visual Studio Solution File, Format Version 12.00
# Visual Studio Version 17
VisualStudioVersion = 17.14.36105.17
MinimumVisualStudioVersion = 10.0.40219.1
Project("{FAE04EC0-301F-11D3-BF4B-00C04F79EFBC}") = "AspCoreMiddlewares", "AspCoreMiddlewares\AspCoreMiddlewares.csproj", "{B9AD24F3-73EF-4760-9A03-9DBEC7E24DCC}"
EndProject
Global
	GlobalSection(SolutionConfigurationPlatforms) = preSolution
		Debug|Any CPU = Debug|Any CPU
		Release|Any CPU = Release|Any CPU
	EndGlobalSection
	GlobalSection(ProjectConfigurationPlatforms) = postSolution
		{B9AD24F3-73EF-4760-9A03-9DBEC7E24DCC}.Debug|Any CPU.ActiveCfg = Debug|Any CPU
		{B9AD24F3-73EF-4760-9A03-9DBEC7E24DCC}.Debug|Any CPU.Build.0 = Debug|Any CPU
		{B9AD24F3-73EF-4760-9A03-9DBEC7E24DCC}.Release|Any CPU.ActiveCfg = Release|Any CPU
		{B9AD24F3-73EF-4760-9A03-9DBEC7E24DCC}.Release|Any CPU.Build.0 = Release|Any CPU
	EndGlobalSection
	GlobalSection(SolutionProperties) = preSolution
		HideSolutionNode = FALSE
	EndGlobalSection
	GlobalSection(ExtensibilityGlobals) = postSolution
		SolutionGuid = {641E5010-8261-41A9-A5BE-8F7BBF7B24A0}
	EndGlobalSection
EndGlobal
