
Microsoft Visual Studio Solution File, Format Version 12.00
# Visual Studio Version 17
VisualStudioVersion = 17.14.36105.17 d17.14
MinimumVisualStudioVersion = 10.0.40219.1
Project("{FAE04EC0-301F-11D3-BF4B-00C04F79EFBC}") = "MvcCRUDAppUsingWebApi", "MvcCRUDAppUsingWebApi\MvcCRUDAppUsingWebApi.csproj", "{0AA7332B-6731-4949-9908-F28E2946127E}"
EndProject
Global
	GlobalSection(SolutionConfigurationPlatforms) = preSolution
		Debug|Any CPU = Debug|Any CPU
		Release|Any CPU = Release|Any CPU
	EndGlobalSection
	GlobalSection(ProjectConfigurationPlatforms) = postSolution
		{0AA7332B-6731-4949-9908-F28E2946127E}.Debug|Any CPU.ActiveCfg = Debug|Any CPU
		{0AA7332B-6731-4949-9908-F28E2946127E}.Debug|Any CPU.Build.0 = Debug|Any CPU
		{0AA7332B-6731-4949-9908-F28E2946127E}.Release|Any CPU.ActiveCfg = Release|Any CPU
		{0AA7332B-6731-4949-9908-F28E2946127E}.Release|Any CPU.Build.0 = Release|Any CPU
	EndGlobalSection
	GlobalSection(SolutionProperties) = preSolution
		HideSolutionNode = FALSE
	EndGlobalSection
	GlobalSection(ExtensibilityGlobals) = postSolution
		SolutionGuid = {5A259A9E-2885-404B-A5DB-9B210AD4347A}
	EndGlobalSection
EndGlobal
